
Microsoft Visual Studio Solution File, Format Version 12.00
# Visual Studio Version 17
VisualStudioVersion = 17.10.35013.160
MinimumVisualStudioVersion = 10.0.40219.1
Project("{FAE04EC0-301F-11D3-BF4B-00C04F79EFBC}") = "CashierWebApp", "CashierWebApp.csproj", "{74977D34-297F-42E7-896C-4C0347CF964D}"
EndProject
Global
	GlobalSection(SolutionConfigurationPlatforms) = preSolution
		Debug|Any CPU = Debug|Any CPU
		Release|Any CPU = Release|Any CPU
	EndGlobalSection
	GlobalSection(ProjectConfigurationPlatforms) = postSolution
		{74977D34-297F-42E7-896C-4C0347CF964D}.Debug|Any CPU.ActiveCfg = Debug|Any CPU
		{74977D34-297F-42E7-896C-4C0347CF964D}.Debug|Any CPU.Build.0 = Debug|Any CPU
		{74977D34-297F-42E7-896C-4C0347CF964D}.Release|Any CPU.ActiveCfg = Release|Any CPU
		{74977D34-297F-42E7-896C-4C0347CF964D}.Release|Any CPU.Build.0 = Release|Any CPU
	EndGlobalSection
	GlobalSection(SolutionProperties) = preSolution
		HideSolutionNode = FALSE
	EndGlobalSection
	GlobalSection(ExtensibilityGlobals) = postSolution
		SolutionGuid = {11F0E3BA-62A6-474F-BE46-A3A6A2C9B810}
	EndGlobalSection
EndGlobal
